
Microsoft Visual Studio Solution File, Format Version 12.00
# Visual Studio Version 17
VisualStudioVersion = 17.1.32210.238
MinimumVisualStudioVersion = 10.0.40219.1
Project("{FAE04EC0-301F-11D3-BF4B-00C04F79EFBC}") = "Smasher.Core", "Smasher.Core\Smasher.Core.csproj", "{66BAABED-60AF-4C01-B005-32D42EAC3070}"
EndProject
Project("{FAE04EC0-301F-11D3-BF4B-00C04F79EFBC}") = "SimpleWpfApp", "SimpleWpfApp\SimpleWpfApp.csproj", "{D7A7F8AE-D945-46B1-8E78-04FB81BBA4E1}"
EndProject
Global
	GlobalSection(SolutionConfigurationPlatforms) = preSolution
		Debug|Any CPU = Debug|Any CPU
		Release|Any CPU = Release|Any CPU
	EndGlobalSection
	GlobalSection(ProjectConfigurationPlatforms) = postSolution
		{66BAABED-60AF-4C01-B005-32D42EAC3070}.Debug|Any CPU.ActiveCfg = Debug|Any CPU
		{66BAABED-60AF-4C01-B005-32D42EAC3070}.Debug|Any CPU.Build.0 = Debug|Any CPU
		{66BAABED-60AF-4C01-B005-32D42EAC3070}.Release|Any CPU.ActiveCfg = Release|Any CPU
		{66BAABED-60AF-4C01-B005-32D42EAC3070}.Release|Any CPU.Build.0 = Release|Any CPU
		{D7A7F8AE-D945-46B1-8E78-04FB81BBA4E1}.Debug|Any CPU.ActiveCfg = Debug|Any CPU
		{D7A7F8AE-D945-46B1-8E78-04FB81BBA4E1}.Debug|Any CPU.Build.0 = Debug|Any CPU
		{D7A7F8AE-D945-46B1-8E78-04FB81BBA4E1}.Release|Any CPU.ActiveCfg = Release|Any CPU
		{D7A7F8AE-D945-46B1-8E78-04FB81BBA4E1}.Release|Any CPU.Build.0 = Release|Any CPU
	EndGlobalSection
	GlobalSection(SolutionProperties) = preSolution
		HideSolutionNode = FALSE
	EndGlobalSection
	GlobalSection(ExtensibilityGlobals) = postSolution
		SolutionGuid = {AFBA4AA0-8A8F-4C48-A74D-1EEDA42BBAD7}
	EndGlobalSection
EndGlobal
