
Microsoft Visual Studio Solution File, Format Version 12.00
# Visual Studio Version 17
VisualStudioVersion = 17.1.32210.238
MinimumVisualStudioVersion = 10.0.40219.1
Project("{9A19103F-16F7-4668-BE54-9A1E7A4F7556}") = "Json.Smasher.Core", "JsonSmasher.Core\Json.Smasher.Core.csproj", "{1602DAC9-E77D-4069-AC80-B87BBF91B339}"
EndProject
Project("{9A19103F-16F7-4668-BE54-9A1E7A4F7556}") = "ShowJsonApp", "ShowJsonApp\ShowJsonApp.csproj", "{006E252D-5796-4744-A64C-F83BB0D6F5EA}"
EndProject
Global
	GlobalSection(SolutionConfigurationPlatforms) = preSolution
		Debug|Any CPU = Debug|Any CPU
		Release|Any CPU = Release|Any CPU
	EndGlobalSection
	GlobalSection(ProjectConfigurationPlatforms) = postSolution
		{1602DAC9-E77D-4069-AC80-B87BBF91B339}.Debug|Any CPU.ActiveCfg = Debug|Any CPU
		{1602DAC9-E77D-4069-AC80-B87BBF91B339}.Debug|Any CPU.Build.0 = Debug|Any CPU
		{1602DAC9-E77D-4069-AC80-B87BBF91B339}.Release|Any CPU.ActiveCfg = Release|Any CPU
		{1602DAC9-E77D-4069-AC80-B87BBF91B339}.Release|Any CPU.Build.0 = Release|Any CPU
		{006E252D-5796-4744-A64C-F83BB0D6F5EA}.Debug|Any CPU.ActiveCfg = Debug|Any CPU
		{006E252D-5796-4744-A64C-F83BB0D6F5EA}.Debug|Any CPU.Build.0 = Debug|Any CPU
		{006E252D-5796-4744-A64C-F83BB0D6F5EA}.Release|Any CPU.ActiveCfg = Release|Any CPU
		{006E252D-5796-4744-A64C-F83BB0D6F5EA}.Release|Any CPU.Build.0 = Release|Any CPU
	EndGlobalSection
	GlobalSection(SolutionProperties) = preSolution
		HideSolutionNode = FALSE
	EndGlobalSection
	GlobalSection(ExtensibilityGlobals) = postSolution
		SolutionGuid = {233CF940-5DC2-41E4-A62F-11F97F485757}
	EndGlobalSection
EndGlobal
