
Microsoft Visual Studio Solution File, Format Version 12.00
# Visual Studio Version 17
VisualStudioVersion = 17.1.32210.238
MinimumVisualStudioVersion = 10.0.40219.1
Project("{FAE04EC0-301F-11D3-BF4B-00C04F79EFBC}") = "WpfControlLib", "WpfControlLib\WpfControlLib.csproj", "{224D0D71-3D30-4C78-8C38-1B33A415327B}"
EndProject
Project("{FAE04EC0-301F-11D3-BF4B-00C04F79EFBC}") = "SimpleWpfApp", "SimpleWpfApp\SimpleWpfApp.csproj", "{FE088121-82F9-4962-A51B-52543C62B190}"
EndProject
Global
	GlobalSection(SolutionConfigurationPlatforms) = preSolution
		Debug|Any CPU = Debug|Any CPU
		Release|Any CPU = Release|Any CPU
	EndGlobalSection
	GlobalSection(ProjectConfigurationPlatforms) = postSolution
		{224D0D71-3D30-4C78-8C38-1B33A415327B}.Debug|Any CPU.ActiveCfg = Debug|Any CPU
		{224D0D71-3D30-4C78-8C38-1B33A415327B}.Debug|Any CPU.Build.0 = Debug|Any CPU
		{224D0D71-3D30-4C78-8C38-1B33A415327B}.Release|Any CPU.ActiveCfg = Release|Any CPU
		{224D0D71-3D30-4C78-8C38-1B33A415327B}.Release|Any CPU.Build.0 = Release|Any CPU
		{FE088121-82F9-4962-A51B-52543C62B190}.Debug|Any CPU.ActiveCfg = Debug|Any CPU
		{FE088121-82F9-4962-A51B-52543C62B190}.Debug|Any CPU.Build.0 = Debug|Any CPU
		{FE088121-82F9-4962-A51B-52543C62B190}.Release|Any CPU.ActiveCfg = Release|Any CPU
		{FE088121-82F9-4962-A51B-52543C62B190}.Release|Any CPU.Build.0 = Release|Any CPU
	EndGlobalSection
	GlobalSection(SolutionProperties) = preSolution
		HideSolutionNode = FALSE
	EndGlobalSection
	GlobalSection(ExtensibilityGlobals) = postSolution
		SolutionGuid = {233CF940-5DC2-41E4-A62F-11F97F485757}
	EndGlobalSection
EndGlobal
