
Microsoft Visual Studio Solution File, Format Version 12.00
# Visual Studio Version 17
VisualStudioVersion = 17.1.32210.238
MinimumVisualStudioVersion = 10.0.40219.1
Project("{FAE04EC0-301F-11D3-BF4B-00C04F79EFBC}") = "ShowAttributeTypes", "ShowAttributeTypes\ShowAttributeTypes.csproj", "{ABD61DA1-0EDB-4464-9A7C-4980E288DA51}"
EndProject
Global
	GlobalSection(SolutionConfigurationPlatforms) = preSolution
		Debug|Any CPU = Debug|Any CPU
		Release|Any CPU = Release|Any CPU
	EndGlobalSection
	GlobalSection(ProjectConfigurationPlatforms) = postSolution
		{ABD61DA1-0EDB-4464-9A7C-4980E288DA51}.Debug|Any CPU.ActiveCfg = Debug|Any CPU
		{ABD61DA1-0EDB-4464-9A7C-4980E288DA51}.Debug|Any CPU.Build.0 = Debug|Any CPU
		{ABD61DA1-0EDB-4464-9A7C-4980E288DA51}.Release|Any CPU.ActiveCfg = Release|Any CPU
		{ABD61DA1-0EDB-4464-9A7C-4980E288DA51}.Release|Any CPU.Build.0 = Release|Any CPU
	EndGlobalSection
	GlobalSection(SolutionProperties) = preSolution
		HideSolutionNode = FALSE
	EndGlobalSection
	GlobalSection(ExtensibilityGlobals) = postSolution
		SolutionGuid = {9CF9E97C-FC93-4A78-AE8F-4009E5B3C412}
	EndGlobalSection
EndGlobal
